
Microsoft Visual Studio Solution File, Format Version 12.00
# Visual Studio Version 17
VisualStudioVersion = 17.4.33122.133
MinimumVisualStudioVersion = 10.0.40219.1
Project("{FAE04EC0-301F-11D3-BF4B-00C04F79EFBC}") = "DiscordBot_G", "DiscordBot_G.csproj", "{8A1D9EC3-03CA-434A-8C80-3F275925A383}"
EndProject
Global
	GlobalSection(SolutionConfigurationPlatforms) = preSolution
		Debug|Any CPU = Debug|Any CPU
		Release|Any CPU = Release|Any CPU
	EndGlobalSection
	GlobalSection(ProjectConfigurationPlatforms) = postSolution
		{8A1D9EC3-03CA-434A-8C80-3F275925A383}.Debug|Any CPU.ActiveCfg = Debug|Any CPU
		{8A1D9EC3-03CA-434A-8C80-3F275925A383}.Debug|Any CPU.Build.0 = Debug|Any CPU
		{8A1D9EC3-03CA-434A-8C80-3F275925A383}.Release|Any CPU.ActiveCfg = Release|Any CPU
		{8A1D9EC3-03CA-434A-8C80-3F275925A383}.Release|Any CPU.Build.0 = Release|Any CPU
	EndGlobalSection
	GlobalSection(SolutionProperties) = preSolution
		HideSolutionNode = FALSE
	EndGlobalSection
	GlobalSection(ExtensibilityGlobals) = postSolution
		SolutionGuid = {F04AA95E-95A4-479E-B2DE-B38A30E4BDB0}
	EndGlobalSection
EndGlobal
